
Microsoft Visual Studio Solution File, Format Version 12.00
# Visual Studio Version 17
VisualStudioVersion = 17.6.33723.286
MinimumVisualStudioVersion = 10.0.40219.1
Project("{FAE04EC0-301F-11D3-BF4B-00C04F79EFBC}") = "Carabiber_Diana_la2", "Carabiber_Diana_la2\Carabiber_Diana_la2.csproj", "{2DFEB033-58C4-4831-9F8E-0304BD876F72}"
EndProject
Global
	GlobalSection(SolutionConfigurationPlatforms) = preSolution
		Debug|Any CPU = Debug|Any CPU
		Release|Any CPU = Release|Any CPU
	EndGlobalSection
	GlobalSection(ProjectConfigurationPlatforms) = postSolution
		{2DFEB033-58C4-4831-9F8E-0304BD876F72}.Debug|Any CPU.ActiveCfg = Debug|Any CPU
		{2DFEB033-58C4-4831-9F8E-0304BD876F72}.Debug|Any CPU.Build.0 = Debug|Any CPU
		{2DFEB033-58C4-4831-9F8E-0304BD876F72}.Release|Any CPU.ActiveCfg = Release|Any CPU
		{2DFEB033-58C4-4831-9F8E-0304BD876F72}.Release|Any CPU.Build.0 = Release|Any CPU
	EndGlobalSection
	GlobalSection(SolutionProperties) = preSolution
		HideSolutionNode = FALSE
	EndGlobalSection
	GlobalSection(ExtensibilityGlobals) = postSolution
		SolutionGuid = {8A2BBB93-ED5C-41F0-A10B-475C94A247C2}
	EndGlobalSection
EndGlobal
